
Microsoft Visual Studio Solution File, Format Version 12.00
# Visual Studio Version 16
VisualStudioVersion = 16.0.30413.136
MinimumVisualStudioVersion = 10.0.40219.1
Project("{FAE04EC0-301F-11D3-BF4B-00C04F79EFBC}") = "IoT_G4", "Test_33\IoT_G4.csproj", "{D16F496C-A9DD-4047-B894-013CE8B41961}"
EndProject
Global
	GlobalSection(SolutionConfigurationPlatforms) = preSolution
		Debug|ARM = Debug|ARM
		Debug|ARM64 = Debug|ARM64
		Debug|x64 = Debug|x64
		Debug|x86 = Debug|x86
		Release|ARM = Release|ARM
		Release|ARM64 = Release|ARM64
		Release|x64 = Release|x64
		Release|x86 = Release|x86
	EndGlobalSection
	GlobalSection(ProjectConfigurationPlatforms) = postSolution
		{D16F496C-A9DD-4047-B894-013CE8B41961}.Debug|ARM.ActiveCfg = Debug|ARM
		{D16F496C-A9DD-4047-B894-013CE8B41961}.Debug|ARM.Build.0 = Debug|ARM
		{D16F496C-A9DD-4047-B894-013CE8B41961}.Debug|ARM.Deploy.0 = Debug|ARM
		{D16F496C-A9DD-4047-B894-013CE8B41961}.Debug|ARM64.ActiveCfg = Debug|ARM64
		{D16F496C-A9DD-4047-B894-013CE8B41961}.Debug|ARM64.Build.0 = Debug|ARM64
		{D16F496C-A9DD-4047-B894-013CE8B41961}.Debug|ARM64.Deploy.0 = Debug|ARM64
		{D16F496C-A9DD-4047-B894-013CE8B41961}.Debug|x64.ActiveCfg = Debug|x64
		{D16F496C-A9DD-4047-B894-013CE8B41961}.Debug|x64.Build.0 = Debug|x64
		{D16F496C-A9DD-4047-B894-013CE8B41961}.Debug|x64.Deploy.0 = Debug|x64
		{D16F496C-A9DD-4047-B894-013CE8B41961}.Debug|x86.ActiveCfg = Debug|x86
		{D16F496C-A9DD-4047-B894-013CE8B41961}.Debug|x86.Build.0 = Debug|x86
		{D16F496C-A9DD-4047-B894-013CE8B41961}.Debug|x86.Deploy.0 = Debug|x86
		{D16F496C-A9DD-4047-B894-013CE8B41961}.Release|ARM.ActiveCfg = Release|ARM
		{D16F496C-A9DD-4047-B894-013CE8B41961}.Release|ARM.Build.0 = Release|ARM
		{D16F496C-A9DD-4047-B894-013CE8B41961}.Release|ARM.Deploy.0 = Release|ARM
		{D16F496C-A9DD-4047-B894-013CE8B41961}.Release|ARM64.ActiveCfg = Release|ARM64
		{D16F496C-A9DD-4047-B894-013CE8B41961}.Release|ARM64.Build.0 = Release|ARM64
		{D16F496C-A9DD-4047-B894-013CE8B41961}.Release|ARM64.Deploy.0 = Release|ARM64
		{D16F496C-A9DD-4047-B894-013CE8B41961}.Release|x64.ActiveCfg = Release|x64
		{D16F496C-A9DD-4047-B894-013CE8B41961}.Release|x64.Build.0 = Release|x64
		{D16F496C-A9DD-4047-B894-013CE8B41961}.Release|x64.Deploy.0 = Release|x64
		{D16F496C-A9DD-4047-B894-013CE8B41961}.Release|x86.ActiveCfg = Release|x86
		{D16F496C-A9DD-4047-B894-013CE8B41961}.Release|x86.Build.0 = Release|x86
		{D16F496C-A9DD-4047-B894-013CE8B41961}.Release|x86.Deploy.0 = Release|x86
	EndGlobalSection
	GlobalSection(SolutionProperties) = preSolution
		HideSolutionNode = FALSE
	EndGlobalSection
	GlobalSection(ExtensibilityGlobals) = postSolution
		SolutionGuid = {508FECFE-52BA-4CE8-9BB3-9B4BB1449CC7}
	EndGlobalSection
EndGlobal
